
Microsoft Visual Studio Solution File, Format Version 12.00
# Visual Studio Version 17
VisualStudioVersion = 17.2.32526.322
MinimumVisualStudioVersion = 10.0.40219.1
Project("{FAE04EC0-301F-11D3-BF4B-00C04F79EFBC}") = "CalculatorCompiler.Console", "CalculatorCompiler.Console\CalculatorCompiler.Console.csproj", "{5D89045C-1D4F-4D15-8479-3673300EF566}"
EndProject
Project("{FAE04EC0-301F-11D3-BF4B-00C04F79EFBC}") = "CalculatorCompiler.Lexer", "CalculatorCompiler.Lexer\CalculatorCompiler.Lexer.csproj", "{1FB82DD4-BFC4-4F2E-9031-46A4AC45F406}"
EndProject
Project("{FAE04EC0-301F-11D3-BF4B-00C04F79EFBC}") = "CalculatorCompiler.Core", "CalculatorCompiler.Core\CalculatorCompiler.Core.csproj", "{7569EE82-E15C-42A1-BE51-422EFB8433E7}"
EndProject
Project("{FAE04EC0-301F-11D3-BF4B-00C04F79EFBC}") = "CalculatorCompiler.Parser", "CalculatorCompiler.Parser\CalculatorCompiler.Parser.csproj", "{21C0B1E6-F889-4A40-9DE4-B0FA3E3C9132}"
EndProject
Global
	GlobalSection(SolutionConfigurationPlatforms) = preSolution
		Debug|Any CPU = Debug|Any CPU
		Release|Any CPU = Release|Any CPU
	EndGlobalSection
	GlobalSection(ProjectConfigurationPlatforms) = postSolution
		{5D89045C-1D4F-4D15-8479-3673300EF566}.Debug|Any CPU.ActiveCfg = Debug|Any CPU
		{5D89045C-1D4F-4D15-8479-3673300EF566}.Debug|Any CPU.Build.0 = Debug|Any CPU
		{5D89045C-1D4F-4D15-8479-3673300EF566}.Release|Any CPU.ActiveCfg = Release|Any CPU
		{5D89045C-1D4F-4D15-8479-3673300EF566}.Release|Any CPU.Build.0 = Release|Any CPU
		{1FB82DD4-BFC4-4F2E-9031-46A4AC45F406}.Debug|Any CPU.ActiveCfg = Debug|Any CPU
		{1FB82DD4-BFC4-4F2E-9031-46A4AC45F406}.Debug|Any CPU.Build.0 = Debug|Any CPU
		{1FB82DD4-BFC4-4F2E-9031-46A4AC45F406}.Release|Any CPU.ActiveCfg = Release|Any CPU
		{1FB82DD4-BFC4-4F2E-9031-46A4AC45F406}.Release|Any CPU.Build.0 = Release|Any CPU
		{7569EE82-E15C-42A1-BE51-422EFB8433E7}.Debug|Any CPU.ActiveCfg = Debug|Any CPU
		{7569EE82-E15C-42A1-BE51-422EFB8433E7}.Debug|Any CPU.Build.0 = Debug|Any CPU
		{7569EE82-E15C-42A1-BE51-422EFB8433E7}.Release|Any CPU.ActiveCfg = Release|Any CPU
		{7569EE82-E15C-42A1-BE51-422EFB8433E7}.Release|Any CPU.Build.0 = Release|Any CPU
		{21C0B1E6-F889-4A40-9DE4-B0FA3E3C9132}.Debug|Any CPU.ActiveCfg = Debug|Any CPU
		{21C0B1E6-F889-4A40-9DE4-B0FA3E3C9132}.Debug|Any CPU.Build.0 = Debug|Any CPU
		{21C0B1E6-F889-4A40-9DE4-B0FA3E3C9132}.Release|Any CPU.ActiveCfg = Release|Any CPU
		{21C0B1E6-F889-4A40-9DE4-B0FA3E3C9132}.Release|Any CPU.Build.0 = Release|Any CPU
	EndGlobalSection
	GlobalSection(SolutionProperties) = preSolution
		HideSolutionNode = FALSE
	EndGlobalSection
	GlobalSection(ExtensibilityGlobals) = postSolution
		SolutionGuid = {05AC8A65-4D06-4EEC-B1E9-75339C9621D9}
	EndGlobalSection
EndGlobal
